
Microsoft Visual Studio Solution File, Format Version 12.00
# Visual Studio Version 17
VisualStudioVersion = 17.13.35818.85
MinimumVisualStudioVersion = 10.0.40219.1
Project("{FAE04EC0-301F-11D3-BF4B-00C04F79EFBC}") = "grigorev", "ghuschyan3rkis\grigorev.csproj", "{D9A8B6CA-A11A-4CB7-A613-5EC20CF8F02B}"
EndProject
Global
	GlobalSection(SolutionConfigurationPlatforms) = preSolution
		Debug|Any CPU = Debug|Any CPU
		Release|Any CPU = Release|Any CPU
	EndGlobalSection
	GlobalSection(ProjectConfigurationPlatforms) = postSolution
		{D9A8B6CA-A11A-4CB7-A613-5EC20CF8F02B}.Debug|Any CPU.ActiveCfg = Debug|Any CPU
		{D9A8B6CA-A11A-4CB7-A613-5EC20CF8F02B}.Debug|Any CPU.Build.0 = Debug|Any CPU
		{D9A8B6CA-A11A-4CB7-A613-5EC20CF8F02B}.Release|Any CPU.ActiveCfg = Release|Any CPU
		{D9A8B6CA-A11A-4CB7-A613-5EC20CF8F02B}.Release|Any CPU.Build.0 = Release|Any CPU
	EndGlobalSection
	GlobalSection(SolutionProperties) = preSolution
		HideSolutionNode = FALSE
	EndGlobalSection
	GlobalSection(ExtensibilityGlobals) = postSolution
		SolutionGuid = {7B901BB2-6464-4586-AA04-7CEA366613B6}
	EndGlobalSection
EndGlobal
